[[package]]
name = "alabaster"
version = "0.7.12"
description = "A configurable sidebar-enabled Sphinx theme"
category = "dev"
optional = false
python-versions = "*"

[[package]]
name = "appnope"
version = "0.1.3"
description = "Disable App Nap on macOS >= 10.9"
category = "main"
optional = false
python-versions = "*"

[[package]]
name = "asttokens"
version = "2.0.5"
description = "Annotate AST trees with source code positions"
category = "main"
optional = false
python-versions = "*"

[package.dependencies]
six = "*"

[package.extras]
test = ["astroid", "pytest"]

[[package]]
name = "babel"
version = "2.10.3"
description = "Internationalization utilities"
category = "dev"
optional = false
python-versions = ">=3.6"

[package.dependencies]
pytz = ">=2015.7"

[[package]]
name = "backcall"
version = "0.2.0"
description = "Specifications for callback functions passed in to an API"
category = "main"
optional = false
python-versions = "*"

[[package]]
name = "cache-decorator"
version = "2.1.8"
description = "a simple decorator to cache the results of computationally heavy functions"
category = "main"
optional = false
python-versions = "*"

[package.dependencies]
compress_json = ">=1.0.4"
compress_pickle = ">=2.0.1"
deflate_dict = "*"
dict_hash = ">=1.1.25"
humanize = ">=3.4.1"

[[package]]
name = "certifi"
version = "2022.6.15"
description = "Python package for providing Mozilla's CA Bundle."
category = "main"
optional = false
python-versions = ">=3.6"

[[package]]
name = "charset-normalizer"
version = "2.1.0"
description = "The Real First Universal Charset Detector. Open, modern and actively maintained alternative to Chardet."
category = "main"
optional = false
python-versions = ">=3.6.0"

[package.extras]
unicode_backport = ["unicodedata2"]

[[package]]
name = "colorama"
version = "0.4.5"
description = "Cross-platform colored terminal text."
category = "main"
optional = false
python-versions = ">=2.7, !=3.0.*, !=3.1.*, !=3.2.*, !=3.3.*, !=3.4.*"

[[package]]
name = "compress-json"
version = "1.0.7"
description = "The missing Python utility to read and write large compressed JSONs."
category = "main"
optional = false
python-versions = "*"

[package.extras]
test = ["pytest", "pytest-cov", "coveralls", "validate-version-code", "codacy-coverage", "random-dict", "dict-hash"]

[[package]]
name = "compress-pickle"
version = "2.1.0"
description = "Standard pickle, wrapped with standard compression libraries"
category = "main"
optional = false
python-versions = ">=3.6"

[package.extras]
cloudpickle = ["cloudpickle"]
dill = ["dill"]
full = ["lz4", "dill", "cloudpickle"]
lz4 = ["lz4"]

[[package]]
name = "cycler"
version = "0.11.0"
description = "Composable style cycles"
category = "main"
optional = false
python-versions = ">=3.6"

[[package]]
name = "ddd-subplots"
version = "1.0.20"
description = "Python package making it easier to handle mixed 3d and 2d subplots."
category = "main"
optional = false
python-versions = "*"

[package.dependencies]
environments_utils = "*"
imageio = "*"
matplotlib = "*"
numpy = "*"
opencv-python = "*"
pygifsicle = "*"
sklearn = "*"
tqdm = "*"

[package.extras]
test = ["pytest", "pytest-cov", "coveralls", "validate-version-code", "codacy-coverage", "environments-utils"]

[[package]]
name = "decorator"
version = "5.1.1"
description = "Decorators for Humans"
category = "main"
optional = false
python-versions = ">=3.5"

[[package]]
name = "deflate-dict"
version = "1.0.9"
description = "Python package to deflate and re-inflate dictionaries."
category = "main"
optional = false
python-versions = "*"

[package.extras]
test = ["pytest", "pytest-cov", "coveralls", "validate-version-code", "codacy-coverage", "random-dict"]

[[package]]
name = "dict-hash"
version = "1.1.26"
description = "Simple python tool to hash dictionaries using both default hash and sha256."
category = "main"
optional = false
python-versions = "*"

[package.dependencies]
deflate_dict = ">=1.0.8"

[package.extras]
test = ["pytest", "pytest-cov", "validate-version-code", "random-dict", "tqdm"]

[[package]]
name = "docutils"
version = "0.19"
description = "Docutils -- Python Documentation Utilities"
category = "dev"
optional = false
python-versions = ">=3.7"

[[package]]
name = "downloaders"
version = "1.0.15"
description = "Python package to handle download of multiple types of files."
category = "main"
optional = false
python-versions = "*"

[package.dependencies]
pandas = "*"
tqdm = "*"

[package.extras]
test = ["pytest", "pytest-cov", "coveralls", "validate-version-code", "codacy-coverage"]

[[package]]
name = "embiggen"
version = "0.11.18"
description = "🍇 Embiggen is the Python Graph Representation learning, Prediction and Evaluation module processing submodule of the GRAPE library."
category = "main"
optional = false
python-versions = ">=3.7.0"

[package.dependencies]
cache_decorator = ">=2.1.8"
ddd_subplots = ">=1.0.20"
ensmallen = ">=0.8.8"
keras_mixed_sequence = ">=1.0.28"
matplotlib = ">=3.5.2"
numpy = "*"
packaging = "*"
pandas = "*"
sanitize_ml_labels = ">=1.0.38"
scikit-learn = "*"
tqdm = "*"
userinput = ">=1.0.19"
validate_version_code = "*"

[package.extras]
test = ["codacy-coverage", "coveralls", "pytest", "pytest-cov", "validate-version-code", "pylint", "silence-tensorflow"]

[[package]]
name = "ensmallen"
version = "0.8.8"
description = "🍇 Ensmallen is the Rust/Python high-performance graph processing submodule of the GraPE library."
category = "main"
optional = false
python-versions = ">=3.6"

[package.dependencies]
cache_decorator = ">=2.0.13"
compress_json = ">=1.0.6"
downloaders = ">=1.0.15"
environments_utils = ">=1.0.4"
pandas = "*"
py-cpuinfo = "*"
toml = ">=0.10.0,<0.11.0"
tqdm = "*"
transformers = "*"
userinput = ">=1.0.17"

[[package]]
name = "environments-utils"
version = "1.0.4"
description = "Utilities to identify which environments is your python script running within."
category = "main"
optional = false
python-versions = "*"

[package.extras]
test = ["pytest", "pytest-cov", "coveralls", "validate-version-code", "codacy-coverage"]

[[package]]
name = "executing"
version = "0.9.1"
description = "Get the currently executing AST node of a frame, and other information"
category = "main"
optional = false
python-versions = "*"

[[package]]
name = "filelock"
version = "3.7.1"
description = "A platform independent file lock."
category = "main"
optional = false
python-versions = ">=3.7"

[package.extras]
docs = ["furo (>=2021.8.17b43)", "sphinx (>=4.1)", "sphinx-autodoc-typehints (>=1.12)"]
testing = ["covdefaults (>=1.2.0)", "coverage (>=4)", "pytest (>=4)", "pytest-cov", "pytest-timeout (>=1.4.2)"]

[[package]]
name = "fonttools"
version = "4.34.4"
description = "Tools to manipulate font files"
category = "main"
optional = false
python-versions = ">=3.7"

[package.extras]
all = ["fs (>=2.2.0,<3)", "lxml (>=4.0,<5)", "zopfli (>=0.1.4)", "lz4 (>=1.7.4.2)", "matplotlib", "sympy", "skia-pathops (>=0.5.0)", "uharfbuzz (>=0.23.0)", "brotlicffi (>=0.8.0)", "scipy", "brotli (>=1.0.1)", "munkres", "unicodedata2 (>=14.0.0)", "xattr"]
graphite = ["lz4 (>=1.7.4.2)"]
interpolatable = ["scipy", "munkres"]
lxml = ["lxml (>=4.0,<5)"]
pathops = ["skia-pathops (>=0.5.0)"]
plot = ["matplotlib"]
repacker = ["uharfbuzz (>=0.23.0)"]
symfont = ["sympy"]
type1 = ["xattr"]
ufo = ["fs (>=2.2.0,<3)"]
unicode = ["unicodedata2 (>=14.0.0)"]
woff = ["zopfli (>=0.1.4)", "brotlicffi (>=0.8.0)", "brotli (>=1.0.1)"]

[[package]]
name = "grape"
version = "0.1.10"
description = "🍇 GRAPE is a Rust/Python library for high-performance Graph Processing and Embedding."
category = "main"
optional = false
python-versions = "*"

[package.dependencies]
embiggen = ">=0.11.17"
ensmallen = ">=0.8.8"

[[package]]
name = "huggingface-hub"
version = "0.8.1"
description = "Client library to download and publish models, datasets and other repos on the huggingface.co hub"
category = "main"
optional = false
python-versions = ">=3.7.0"

[package.dependencies]
filelock = "*"
packaging = ">=20.9"
pyyaml = ">=5.1"
requests = "*"
tqdm = "*"
typing-extensions = ">=3.7.4.3"

[package.extras]
all = ["pytest", "pytest-cov", "datasets", "soundfile", "black (>=22.0,<23.0)", "isort (>=5.5.4)", "flake8 (>=3.8.3)"]
dev = ["pytest", "pytest-cov", "datasets", "soundfile", "black (>=22.0,<23.0)", "isort (>=5.5.4)", "flake8 (>=3.8.3)"]
fastai = ["toml", "fastai (>=2.4)", "fastcore (>=1.3.27)"]
quality = ["black (>=22.0,<23.0)", "isort (>=5.5.4)", "flake8 (>=3.8.3)"]
tensorflow = ["tensorflow", "pydot", "graphviz"]
testing = ["pytest", "pytest-cov", "datasets", "soundfile"]
torch = ["torch"]

[[package]]
name = "humanize"
version = "4.2.3"
description = "Python humanize utilities"
category = "main"
optional = false
python-versions = ">=3.7"

[package.extras]
tests = ["freezegun", "pytest", "pytest-cov"]

[[package]]
name = "idna"
version = "3.3"
description = "Internationalized Domain Names in Applications (IDNA)"
category = "main"
optional = false
python-versions = ">=3.5"

[[package]]
name = "imageio"
version = "2.21.0"
description = "Library for reading and writing a wide range of image, video, scientific, and volumetric data formats."
category = "main"
optional = false
python-versions = ">=3.7"

[package.dependencies]
numpy = "*"
pillow = ">=8.3.2"

[package.extras]
all-plugins = ["astropy", "av", "imageio-ffmpeg", "opencv-python", "psutil", "tifffile"]
all-plugins-pypy = ["av", "imageio-ffmpeg", "psutil", "tifffile"]
build = ["wheel"]
dev = ["invoke", "pytest", "pytest-cov", "fsspec", "black", "flake8"]
docs = ["sphinx", "numpydoc", "pydata-sphinx-theme"]
ffmpeg = ["imageio-ffmpeg", "psutil"]
fits = ["astropy"]
full = ["astropy", "av", "black", "flake8", "fsspec", "gdal", "imageio-ffmpeg", "invoke", "itk", "numpydoc", "opencv-python", "psutil", "pydata-sphinx-theme", "pytest", "pytest-cov", "sphinx", "tifffile", "wheel"]
gdal = ["gdal"]
itk = ["itk"]
linting = ["black", "flake8"]
opencv = ["opencv-python"]
pyav = ["av"]
test = ["invoke", "pytest", "pytest-cov", "fsspec"]
tifffile = ["tifffile"]

[[package]]
name = "imagesize"
version = "1.4.1"
description = "Getting image size from png/jpeg/jpeg2000/gif file"
category = "dev"
optional = false
python-versions = ">=2.7, !=3.0.*, !=3.1.*, !=3.2.*, !=3.3.*"

[[package]]
name = "importlib-metadata"
version = "4.12.0"
description = "Read metadata from Python packages"
category = "dev"
optional = false
python-versions = ">=3.7"

[package.dependencies]
zipp = ">=0.5"

[package.extras]
docs = ["sphinx", "jaraco.packaging (>=9)", "rst.linker (>=1.9)"]
perf = ["ipython"]
testing = ["pytest (>=6)", "pytest-checkdocs (>=2.4)", "pytest-flake8", "pytest-cov", "pytest-enabler (>=1.3)", "packaging", "pyfakefs", "flufl.flake8", "pytest-perf (>=0.9.2)", "pytest-black (>=0.3.7)", "pytest-mypy (>=0.9.1)", "importlib-resources (>=1.3)"]

[[package]]
name = "ipy"
version = "1.01"
description = "Class and tools for handling of IPv4 and IPv6 addresses and networks"
category = "main"
optional = false
python-versions = "*"

[[package]]
name = "ipython"
version = "8.4.0"
description = "IPython: Productive Interactive Computing"
category = "main"
optional = false
python-versions = ">=3.8"

[package.dependencies]
appnope = {version = "*", markers = "sys_platform == \"darwin\""}
backcall = "*"
colorama = {version = "*", markers = "sys_platform == \"win32\""}
decorator = "*"
jedi = ">=0.16"
matplotlib-inline = "*"
pexpect = {version = ">4.3", markers = "sys_platform != \"win32\""}
pickleshare = "*"
prompt-toolkit = ">=2.0.0,<3.0.0 || >3.0.0,<3.0.1 || >3.0.1,<3.1.0"
pygments = ">=2.4.0"
stack-data = "*"
traitlets = ">=5"

[package.extras]
all = ["black", "Sphinx (>=1.3)", "ipykernel", "nbconvert", "nbformat", "ipywidgets", "notebook", "ipyparallel", "qtconsole", "pytest (<7.1)", "pytest-asyncio", "testpath", "curio", "matplotlib (!=3.2.0)", "numpy (>=1.19)", "pandas", "trio"]
black = ["black"]
doc = ["Sphinx (>=1.3)"]
kernel = ["ipykernel"]
nbconvert = ["nbconvert"]
nbformat = ["nbformat"]
notebook = ["ipywidgets", "notebook"]
parallel = ["ipyparallel"]
qtconsole = ["qtconsole"]
test = ["pytest (<7.1)", "pytest-asyncio", "testpath"]
test_extra = ["pytest (<7.1)", "pytest-asyncio", "testpath", "curio", "matplotlib (!=3.2.0)", "nbformat", "numpy (>=1.19)", "pandas", "trio"]

[[package]]
name = "jaro-winkler"
version = "2.0.1"
description = "Original, standard and customisable versions of the Jaro-Winkler functions."
category = "main"
optional = false
python-versions = "*"

[[package]]
name = "jedi"
version = "0.18.1"
description = "An autocompletion tool for Python that can be used for text editors."
category = "main"
optional = false
python-versions = ">=3.6"

[package.dependencies]
parso = ">=0.8.0,<0.9.0"

[package.extras]
qa = ["flake8 (==3.8.3)", "mypy (==0.782)"]
testing = ["Django (<3.1)", "colorama", "docopt", "pytest (<7.0.0)"]

[[package]]
name = "jinja2"
version = "3.1.2"
description = "A very fast and expressive template engine."
category = "dev"
optional = false
python-versions = ">=3.7"

[package.dependencies]
MarkupSafe = ">=2.0"

[package.extras]
i18n = ["Babel (>=2.7)"]

[[package]]
name = "joblib"
version = "1.1.0"
description = "Lightweight pipelining with Python functions"
category = "main"
optional = false
python-versions = ">=3.6"

[[package]]
name = "keras-mixed-sequence"
version = "1.0.28"
description = "Lazily loading mixed sequences using Keras Sequence, focused on multi-task models."
category = "main"
optional = false
python-versions = ">3.5.2"

[package.dependencies]
tqdm = "*"

[package.extras]
test = ["pytest", "pytest-cov", "coveralls", "validate-version-code", "codacy-coverage", "silence-tensorflow"]

[[package]]
name = "kiwisolver"
version = "1.4.4"
description = "A fast implementation of the Cassowary constraint solver"
category = "main"
optional = false
python-versions = ">=3.7"

[[package]]
name = "markupsafe"
version = "2.1.1"
description = "Safely add untrusted strings to HTML/XML markup."
category = "dev"
optional = false
python-versions = ">=3.7"

[[package]]
name = "matplotlib"
version = "3.5.2"
description = "Python plotting package"
category = "main"
optional = false
python-versions = ">=3.7"

[package.dependencies]
cycler = ">=0.10"
fonttools = ">=4.22.0"
kiwisolver = ">=1.0.1"
numpy = ">=1.17"
packaging = ">=20.0"
pillow = ">=6.2.0"
pyparsing = ">=2.2.1"
python-dateutil = ">=2.7"
setuptools_scm = ">=4"

[[package]]
name = "matplotlib-inline"
version = "0.1.3"
description = "Inline Matplotlib backend for Jupyter"
category = "main"
optional = false
python-versions = ">=3.5"

[package.dependencies]
traitlets = "*"

[[package]]
name = "numpy"
version = "1.23.1"
description = "NumPy is the fundamental package for array computing with Python."
category = "main"
optional = false
python-versions = ">=3.8"

[[package]]
name = "opencv-python"
version = "4.6.0.66"
description = "Wrapper package for OpenCV python bindings."
category = "main"
optional = false
python-versions = ">=3.6"

[package.dependencies]
numpy = [
    {version = ">=1.21.2", markers = "python_version >= \"3.10\" or python_version >= \"3.6\" and platform_system == \"Darwin\" and platform_machine == \"arm64\""},
    {version = ">=1.19.3", markers = "python_version >= \"3.6\" and platform_system == \"Linux\" and platform_machine == \"aarch64\" or python_version >= \"3.9\""},
    {version = ">=1.14.5", markers = "python_version >= \"3.7\""},
    {version = ">=1.17.3", markers = "python_version >= \"3.8\""},
]

[[package]]
name = "packaging"
version = "21.3"
description = "Core utilities for Python packages"
category = "main"
optional = false
python-versions = ">=3.6"

[package.dependencies]
pyparsing = ">=2.0.2,<3.0.5 || >3.0.5"

[[package]]
name = "pandas"
version = "1.4.3"
description = "Powerful data structures for data analysis, time series, and statistics"
category = "main"
optional = false
python-versions = ">=3.8"

[package.dependencies]
numpy = [
    {version = ">=1.18.5", markers = "platform_machine != \"aarch64\" and platform_machine != \"arm64\" and python_version < \"3.10\""},
    {version = ">=1.19.2", markers = "platform_machine == \"aarch64\" and python_version < \"3.10\""},
    {version = ">=1.20.0", markers = "platform_machine == \"arm64\" and python_version < \"3.10\""},
    {version = ">=1.21.0", markers = "python_version >= \"3.10\""},
]
python-dateutil = ">=2.8.1"
pytz = ">=2020.1"

[package.extras]
test = ["hypothesis (>=5.5.3)", "pytest (>=6.0)", "pytest-xdist (>=1.31)"]

[[package]]
name = "parso"
version = "0.8.3"
description = "A Python Parser"
category = "main"
optional = false
python-versions = ">=3.6"

[package.extras]
qa = ["flake8 (==3.8.3)", "mypy (==0.782)"]
testing = ["docopt", "pytest (<6.0.0)"]

[[package]]
name = "pexpect"
version = "4.8.0"
description = "Pexpect allows easy control of interactive console applications."
category = "main"
optional = false
python-versions = "*"

[package.dependencies]
ptyprocess = ">=0.5"

[[package]]
name = "pickleshare"
version = "0.7.5"
description = "Tiny 'shelve'-like database with concurrency support"
category = "main"
optional = false
python-versions = "*"

[[package]]
name = "pillow"
version = "9.2.0"
description = "Python Imaging Library (Fork)"
category = "main"
optional = false
python-versions = ">=3.7"

[package.extras]
docs = ["furo", "olefile", "sphinx (>=2.4)", "sphinx-copybutton", "sphinx-issues (>=3.0.1)", "sphinx-removed-in", "sphinxext-opengraph"]
tests = ["check-manifest", "coverage", "defusedxml", "markdown2", "olefile", "packaging", "pyroma", "pytest", "pytest-cov", "pytest-timeout"]

[[package]]
name = "prompt-toolkit"
version = "3.0.30"
description = "Library for building powerful interactive command lines in Python"
category = "main"
optional = false
python-versions = ">=3.6.2"

[package.dependencies]
wcwidth = "*"

[[package]]
name = "ptyprocess"
version = "0.7.0"
description = "Run a subprocess in a pseudo terminal"
category = "main"
optional = false
python-versions = "*"

[[package]]
name = "pure-eval"
version = "0.2.2"
description = "Safely evaluate AST nodes without side effects"
category = "main"
optional = false
python-versions = "*"

[package.extras]
tests = ["pytest"]

[[package]]
name = "py-cpuinfo"
version = "8.0.0"
description = "Get CPU info with pure Python 2 & 3"
category = "main"
optional = false
python-versions = "*"

[[package]]
name = "pygifsicle"
version = "1.0.5"
description = "Python package wrapping the gifsicle library for editing and optimizing gifs."
category = "main"
optional = false
python-versions = "*"

[package.extras]
test = ["pytest", "pytest-cov", "coveralls", "validate-version-code", "codacy-coverage", "touch"]

[[package]]
name = "pygments"
version = "2.12.0"
description = "Pygments is a syntax highlighting package written in Python."
category = "main"
optional = false
python-versions = ">=3.6"

[[package]]
name = "pyparsing"
version = "3.0.9"
description = "pyparsing module - Classes and methods to define and execute parsing grammars"
category = "main"
optional = false
python-versions = ">=3.6.8"

[package.extras]
diagrams = ["railroad-diagrams", "jinja2"]

[[package]]
name = "python-dateutil"
version = "2.8.2"
description = "Extensions to the standard Python datetime module"
category = "main"
optional = false
python-versions = "!=3.0.*,!=3.1.*,!=3.2.*,>=2.7"

[package.dependencies]
six = ">=1.5"

[[package]]
name = "pytz"
version = "2022.1"
description = "World timezone definitions, modern and historical"
category = "main"
optional = false
python-versions = "*"

[[package]]
name = "pyyaml"
version = "6.0"
description = "YAML parser and emitter for Python"
category = "main"
optional = false
python-versions = ">=3.6"

[[package]]
name = "regex"
version = "2022.7.25"
description = "Alternative regular expression module, to replace re."
category = "main"
optional = false
python-versions = ">=3.6"

[[package]]
name = "requests"
version = "2.28.1"
description = "Python HTTP for Humans."
category = "main"
optional = false
python-versions = ">=3.7, <4"

[package.dependencies]
certifi = ">=2017.4.17"
charset-normalizer = ">=2,<3"
idna = ">=2.5,<4"
urllib3 = ">=1.21.1,<1.27"

[package.extras]
socks = ["PySocks (>=1.5.6,!=1.5.7)"]
use_chardet_on_py3 = ["chardet (>=3.0.2,<6)"]

[[package]]
name = "sanitize-ml-labels"
version = "1.0.43"
description = "Simple python package to sanitize in a standard way ML-related labels."
category = "main"
optional = false
python-versions = "*"

[package.dependencies]
compress_json = "*"

[package.extras]
test = ["pytest", "pytest-cov", "coveralls", "validate-version-code", "codacy-coverage"]

[[package]]
name = "scikit-learn"
version = "1.1.1"
description = "A set of python modules for machine learning and data mining"
category = "main"
optional = false
python-versions = ">=3.8"

[package.dependencies]
joblib = ">=1.0.0"
numpy = ">=1.17.3"
scipy = ">=1.3.2"
threadpoolctl = ">=2.0.0"

[package.extras]
benchmark = ["matplotlib (>=3.1.2)", "pandas (>=1.0.5)", "memory-profiler (>=0.57.0)"]
docs = ["matplotlib (>=3.1.2)", "scikit-image (>=0.14.5)", "pandas (>=1.0.5)", "seaborn (>=0.9.0)", "memory-profiler (>=0.57.0)", "sphinx (>=4.0.1)", "sphinx-gallery (>=0.7.0)", "numpydoc (>=1.2.0)", "Pillow (>=7.1.2)", "sphinx-prompt (>=1.3.0)", "sphinxext-opengraph (>=0.4.2)"]
examples = ["matplotlib (>=3.1.2)", "scikit-image (>=0.14.5)", "pandas (>=1.0.5)", "seaborn (>=0.9.0)"]
tests = ["matplotlib (>=3.1.2)", "scikit-image (>=0.14.5)", "pandas (>=1.0.5)", "pytest (>=5.0.1)", "pytest-cov (>=2.9.0)", "flake8 (>=3.8.2)", "black (>=22.3.0)", "mypy (>=0.770)", "pyamg (>=4.0.0)", "numpydoc (>=1.2.0)"]

[[package]]
name = "scipy"
version = "1.6.1"
description = "SciPy: Scientific Library for Python"
category = "main"
optional = false
python-versions = ">=3.7"

[package.dependencies]
numpy = ">=1.16.5"

[[package]]
name = "setuptools-scm"
version = "7.0.5"
description = "the blessed package to manage your versions by scm tags"
category = "main"
optional = false
python-versions = ">=3.7"

[package.dependencies]
packaging = ">=20.0"
tomli = ">=1.0.0"
typing-extensions = "*"

[package.extras]
test = ["pytest (>=6.2)", "virtualenv (>20)"]
toml = ["setuptools (>=42)"]

[[package]]
name = "six"
version = "1.16.0"
description = "Python 2 and 3 compatibility utilities"
category = "main"
optional = false
python-versions = ">=2.7, !=3.0.*, !=3.1.*, !=3.2.*"

[[package]]
name = "sklearn"
version = "0.0"
description = "A set of python modules for machine learning and data mining"
category = "main"
optional = false
python-versions = "*"

[package.dependencies]
scikit-learn = "*"

[[package]]
name = "snowballstemmer"
version = "2.2.0"
description = "This package provides 29 stemmers for 28 languages generated from Snowball algorithms."
category = "dev"
optional = false
python-versions = "*"

[[package]]
name = "sphinx"
version = "5.1.1"
description = "Python documentation generator"
category = "dev"
optional = false
python-versions = ">=3.6"

[package.dependencies]
alabaster = ">=0.7,<0.8"
babel = ">=1.3"
colorama = {version = ">=0.3.5", markers = "sys_platform == \"win32\""}
docutils = ">=0.14,<0.20"
imagesize = "*"
importlib-metadata = {version = ">=4.4", markers = "python_version < \"3.10\""}
Jinja2 = ">=2.3"
packaging = "*"
Pygments = ">=2.0"
requests = ">=2.5.0"
snowballstemmer = ">=1.1"
sphinxcontrib-applehelp = "*"
sphinxcontrib-devhelp = "*"
sphinxcontrib-htmlhelp = ">=2.0.0"
sphinxcontrib-jsmath = "*"
sphinxcontrib-qthelp = "*"
sphinxcontrib-serializinghtml = ">=1.1.5"

[package.extras]
docs = ["sphinxcontrib-websupport"]
lint = ["flake8 (>=3.5.0)", "flake8-comprehensions", "flake8-bugbear", "isort", "mypy (>=0.971)", "sphinx-lint", "docutils-stubs", "types-typed-ast", "types-requests"]
test = ["pytest (>=4.6)", "html5lib", "cython", "typed-ast"]

[[package]]
name = "sphinxcontrib-applehelp"
version = "1.0.2"
description = "sphinxcontrib-applehelp is a sphinx extension which outputs Apple help books"
category = "dev"
optional = false
python-versions = ">=3.5"

[package.extras]
lint = ["flake8", "mypy", "docutils-stubs"]
test = ["pytest"]

[[package]]
name = "sphinxcontrib-devhelp"
version = "1.0.2"
description = "sphinxcontrib-devhelp is a sphinx extension which outputs Devhelp document."
category = "dev"
optional = false
python-versions = ">=3.5"

[package.extras]
lint = ["flake8", "mypy", "docutils-stubs"]
test = ["pytest"]

[[package]]
name = "sphinxcontrib-htmlhelp"
version = "2.0.0"
description = "sphinxcontrib-htmlhelp is a sphinx extension which renders HTML help files"
category = "dev"
optional = false
python-versions = ">=3.6"

[package.extras]
lint = ["flake8", "mypy", "docutils-stubs"]
test = ["pytest", "html5lib"]

[[package]]
name = "sphinxcontrib-jsmath"
version = "1.0.1"
description = "A sphinx extension which renders display math in HTML via JavaScript"
category = "dev"
optional = false
python-versions = ">=3.5"

[package.extras]
test = ["pytest", "flake8", "mypy"]

[[package]]
name = "sphinxcontrib-qthelp"
version = "1.0.3"
description = "sphinxcontrib-qthelp is a sphinx extension which outputs QtHelp document."
category = "dev"
optional = false
python-versions = ">=3.5"

[package.extras]
lint = ["flake8", "mypy", "docutils-stubs"]
test = ["pytest"]

[[package]]
name = "sphinxcontrib-serializinghtml"
version = "1.1.5"
description = "sphinxcontrib-serializinghtml is a sphinx extension which outputs \"serialized\" HTML files (json and pickle)."
category = "dev"
optional = false
python-versions = ">=3.5"

[package.extras]
lint = ["flake8", "mypy", "docutils-stubs"]
test = ["pytest"]

[[package]]
name = "stack-data"
version = "0.3.0"
description = "Extract data from python stack frames and tracebacks for informative displays"
category = "main"
optional = false
python-versions = "*"

[package.dependencies]
asttokens = "*"
executing = "*"
pure-eval = "*"

[package.extras]
tests = ["pytest", "typeguard", "pygments", "littleutils", "cython"]

[[package]]
name = "threadpoolctl"
version = "3.1.0"
description = "threadpoolctl"
category = "main"
optional = false
python-versions = ">=3.6"

[[package]]
name = "tokenizers"
version = "0.12.1"
description = "Fast and Customizable Tokenizers"
category = "main"
optional = false
python-versions = "*"

[package.extras]
docs = ["sphinx", "sphinx-rtd-theme", "setuptools-rust"]
testing = ["pytest", "requests", "numpy", "datasets"]

[[package]]
name = "toml"
version = "0.10.2"
description = "Python Library for Tom's Obvious, Minimal Language"
category = "main"
optional = false
python-versions = ">=2.6, !=3.0.*, !=3.1.*, !=3.2.*"

[[package]]
name = "tomli"
version = "2.0.1"
description = "A lil' TOML parser"
category = "main"
optional = false
python-versions = ">=3.7"

[[package]]
name = "tqdm"
version = "4.64.0"
description = "Fast, Extensible Progress Meter"
category = "main"
optional = false
python-versions = "!=3.0.*,!=3.1.*,!=3.2.*,!=3.3.*,>=2.7"

[package.dependencies]
colorama = {version = "*", markers = "platform_system == \"Windows\""}

[package.extras]
dev = ["py-make (>=0.1.0)", "twine", "wheel"]
notebook = ["ipywidgets (>=6)"]
slack = ["slack-sdk"]
telegram = ["requests"]

[[package]]
name = "traitlets"
version = "5.3.0"
description = ""
category = "main"
optional = false
python-versions = ">=3.7"

[package.extras]
test = ["pre-commit", "pytest"]

[[package]]
name = "transformers"
version = "4.21.0"
description = "State-of-the-art Machine Learning for JAX, PyTorch and TensorFlow"
category = "main"
optional = false
python-versions = ">=3.7.0"

[package.dependencies]
filelock = "*"
huggingface-hub = ">=0.1.0,<1.0"
numpy = ">=1.17"
packaging = ">=20.0"
pyyaml = ">=5.1"
regex = "!=2019.12.17"
requests = "*"
tokenizers = ">=0.11.1,<0.11.3 || >0.11.3,<0.13"
tqdm = ">=4.27"

[package.extras]
dev-torch = ["torchaudio", "librosa", "pytest", "pytest-xdist", "timeout-decorator", "parameterized", "psutil", "datasets", "dill (<0.3.5)", "pytest-timeout", "black (==22.3)", "sacrebleu (>=1.4.12,<2.0.0)", "rouge-score", "nltk", "GitPython (<3.1.19)", "hf-doc-builder (>=0.3.0)", "protobuf (<=3.20.1)", "sacremoses", "rjieba", "faiss-cpu", "cookiecutter (==1.7.3)", "torch (>=1.0,<1.12)", "sentencepiece (>=0.1.91,!=0.1.92)", "tokenizers (>=0.11.1,!=0.11.3,<0.13)", "pyctcdecode (>=0.3.0)", "phonemizer", "resampy (<0.3.1)", "pillow", "optuna", "ray", "sigopt", "timm", "codecarbon (==1.2.0)", "isort (>=5.5.4)", "flake8 (>=3.8.3)", "fugashi (>=1.0)", "ipadic (>=1.0.0,<2.0)", "unidic-lite (>=1.0.7)", "unidic (>=1.0.2)", "hf-doc-builder", "scikit-learn", "onnxruntime (>=1.4.0)", "onnxruntime-tools (>=1.4.2)"]
accelerate = ["accelerate (>=0.10.0)"]
all = ["tensorflow (>=2.3)", "onnxconverter-common", "tf2onnx", "tensorflow-text", "torch (>=1.0,<1.12)", "jax (>=0.2.8,!=0.3.2,<=0.3.6)", "jaxlib (>=0.1.65,<=0.3.6)", "flax (>=0.4.1)", "optax (>=0.0.8)", "sentencepiece (>=0.1.91,!=0.1.92)", "protobuf (<=3.20.1)", "tokenizers (>=0.11.1,!=0.11.3,<0.13)", "torchaudio", "librosa", "pyctcdecode (>=0.3.0)", "phonemizer", "resampy (<0.3.1)", "pillow", "optuna", "ray", "sigopt", "timm", "codecarbon (==1.2.0)", "accelerate (>=0.10.0)"]
audio = ["librosa", "pyctcdecode (>=0.3.0)", "phonemizer", "resampy (<0.3.1)"]
codecarbon = ["codecarbon (==1.2.0)"]
deepspeed = ["deepspeed (>=0.6.5)", "accelerate (>=0.10.0)"]
deepspeed-testing = ["deepspeed (>=0.6.5)", "accelerate (>=0.10.0)", "pytest", "pytest-xdist", "timeout-decorator", "parameterized", "psutil", "datasets", "dill (<0.3.5)", "pytest-timeout", "black (==22.3)", "sacrebleu (>=1.4.12,<2.0.0)", "rouge-score", "nltk", "GitPython (<3.1.19)", "hf-doc-builder (>=0.3.0)", "protobuf (<=3.20.1)", "sacremoses", "rjieba", "faiss-cpu", "cookiecutter (==1.7.3)", "optuna"]
dev = ["tensorflow (>=2.3)", "onnxconverter-common", "tf2onnx", "tensorflow-text", "torch (>=1.0,<1.12)", "jax (>=0.2.8,!=0.3.2,<=0.3.6)", "jaxlib (>=0.1.65,<=0.3.6)", "flax (>=0.4.1)", "optax (>=0.0.8)", "sentencepiece (>=0.1.91,!=0.1.92)", "protobuf (<=3.20.1)", "tokenizers (>=0.11.1,!=0.11.3,<0.13)", "torchaudio", "librosa", "pyctcdecode (>=0.3.0)", "phonemizer", "resampy (<0.3.1)", "pillow", "optuna", "ray", "sigopt", "timm", "codecarbon (==1.2.0)", "accelerate (>=0.10.0)", "pytest", "pytest-xdist", "timeout-decorator", "parameterized", "psutil", "datasets", "dill (<0.3.5)", "pytest-timeout", "black (==22.3)", "sacrebleu (>=1.4.12,<2.0.0)", "rouge-score", "nltk", "GitPython (<3.1.19)", "hf-doc-builder (>=0.3.0)", "sacremoses", "rjieba", "faiss-cpu", "cookiecutter (==1.7.3)", "isort (>=5.5.4)", "flake8 (>=3.8.3)", "fugashi (>=1.0)", "ipadic (>=1.0.0,<2.0)", "unidic-lite (>=1.0.7)", "unidic (>=1.0.2)", "hf-doc-builder", "scikit-learn"]
dev-tensorflow = ["pytest", "pytest-xdist", "timeout-decorator", "parameterized", "psutil", "datasets", "dill (<0.3.5)", "pytest-timeout", "black (==22.3)", "sacrebleu (>=1.4.12,<2.0.0)", "rouge-score", "nltk", "GitPython (<3.1.19)", "hf-doc-builder (>=0.3.0)", "protobuf (<=3.20.1)", "sacremoses", "rjieba", "faiss-cpu", "cookiecutter (==1.7.3)", "tensorflow (>=2.3)", "onnxconverter-common", "tf2onnx", "tensorflow-text", "sentencepiece (>=0.1.91,!=0.1.92)", "tokenizers (>=0.11.1,!=0.11.3,<0.13)", "pillow", "isort (>=5.5.4)", "flake8 (>=3.8.3)", "hf-doc-builder", "scikit-learn", "onnxruntime (>=1.4.0)", "onnxruntime-tools (>=1.4.2)", "librosa", "pyctcdecode (>=0.3.0)", "phonemizer", "resampy (<0.3.1)"]
docs = ["tensorflow (>=2.3)", "onnxconverter-common", "tf2onnx", "tensorflow-text", "torch (>=1.0,<1.12)", "jax (>=0.2.8,!=0.3.2,<=0.3.6)", "jaxlib (>=0.1.65,<=0.3.6)", "flax (>=0.4.1)", "optax (>=0.0.8)", "sentencepiece (>=0.1.91,!=0.1.92)", "protobuf (<=3.20.1)", "tokenizers (>=0.11.1,!=0.11.3,<0.13)", "torchaudio", "librosa", "pyctcdecode (>=0.3.0)", "phonemizer", "resampy (<0.3.1)", "pillow", "optuna", "ray", "sigopt", "timm", "codecarbon (==1.2.0)", "accelerate (>=0.10.0)", "hf-doc-builder"]
docs_specific = ["hf-doc-builder"]
fairscale = ["fairscale (>0.3)"]
flax = ["jax (>=0.2.8,!=0.3.2,<=0.3.6)", "jaxlib (>=0.1.65,<=0.3.6)", "flax (>=0.4.1)", "optax (>=0.0.8)"]
flax-speech = ["librosa", "pyctcdecode (>=0.3.0)", "phonemizer", "resampy (<0.3.1)"]
ftfy = ["ftfy"]
integrations = ["optuna", "ray", "sigopt"]
ja = ["fugashi (>=1.0)", "ipadic (>=1.0.0,<2.0)", "unidic-lite (>=1.0.7)", "unidic (>=1.0.2)"]
modelcreation = ["cookiecutter (==1.7.3)"]
onnx = ["onnxconverter-common", "tf2onnx", "onnxruntime (>=1.4.0)", "onnxruntime-tools (>=1.4.2)"]
onnxruntime = ["onnxruntime (>=1.4.0)", "onnxruntime-tools (>=1.4.2)"]
optuna = ["optuna"]
quality = ["black (==22.3)", "isort (>=5.5.4)", "flake8 (>=3.8.3)", "GitPython (<3.1.19)", "hf-doc-builder (>=0.3.0)"]
ray = ["ray"]
retrieval = ["faiss-cpu", "datasets"]
sagemaker = ["sagemaker (>=2.31.0)"]
sentencepiece = ["sentencepiece (>=0.1.91,!=0.1.92)", "protobuf (<=3.20.1)"]
serving = ["pydantic", "uvicorn", "fastapi", "starlette"]
sigopt = ["sigopt"]
sklearn = ["scikit-learn"]
speech = ["torchaudio", "librosa", "pyctcdecode (>=0.3.0)", "phonemizer", "resampy (<0.3.1)"]
testing = ["pytest", "pytest-xdist", "timeout-decorator", "parameterized", "psutil", "datasets", "dill (<0.3.5)", "pytest-timeout", "black (==22.3)", "sacrebleu (>=1.4.12,<2.0.0)", "rouge-score", "nltk", "GitPython (<3.1.19)", "hf-doc-builder (>=0.3.0)", "protobuf (<=3.20.1)", "sacremoses", "rjieba", "faiss-cpu", "cookiecutter (==1.7.3)"]
tf = ["tensorflow (>=2.3)", "onnxconverter-common", "tf2onnx", "tensorflow-text"]
tf-cpu = ["tensorflow-cpu (>=2.3)", "onnxconverter-common", "tf2onnx", "tensorflow-text"]
tf-speech = ["librosa", "pyctcdecode (>=0.3.0)", "phonemizer", "resampy (<0.3.1)"]
timm = ["timm"]
tokenizers = ["tokenizers (>=0.11.1,!=0.11.3,<0.13)"]
torch = ["torch (>=1.0,<1.12)"]
torch-speech = ["torchaudio", "librosa", "pyctcdecode (>=0.3.0)", "phonemizer", "resampy (<0.3.1)"]
torchhub = ["filelock", "huggingface-hub (>=0.1.0,<1.0)", "importlib-metadata", "numpy (>=1.17)", "packaging (>=20.0)", "protobuf (<=3.20.1)", "regex (!=2019.12.17)", "requests", "sentencepiece (>=0.1.91,!=0.1.92)", "torch (>=1.0,<1.12)", "tokenizers (>=0.11.1,!=0.11.3,<0.13)", "tqdm (>=4.27)"]
vision = ["pillow"]

[[package]]
name = "typing-extensions"
version = "4.3.0"
description = "Backported and Experimental Type Hints for Python 3.7+"
category = "main"
optional = false
python-versions = ">=3.7"

[[package]]
name = "urllib3"
version = "1.26.11"
description = "HTTP library with thread-safe connection pooling, file post, and more."
category = "main"
optional = false
python-versions = ">=2.7, !=3.0.*, !=3.1.*, !=3.2.*, !=3.3.*, !=3.4.*, !=3.5.*, <4"

[package.extras]
brotli = ["brotlicffi (>=0.8.0)", "brotli (>=1.0.9)", "brotlipy (>=0.6.0)"]
secure = ["pyOpenSSL (>=0.14)", "cryptography (>=1.3.4)", "idna (>=2.0.0)", "certifi", "ipaddress"]
socks = ["PySocks (>=1.5.6,!=1.5.7,<2.0)"]

[[package]]
name = "userinput"
version = "1.0.19"
description = "Simple python package to handle cli user input."
category = "main"
optional = false
python-versions = "*"

[package.dependencies]
IPy = "*"
ipython = "*"
jaro-winkler = "*"
validate_email = "*"
validate_version_code = "*"
validators = "*"

[package.extras]
test = ["pytest", "pytest-cov", "coveralls", "validate-version-code", "codacy-coverage"]

[[package]]
name = "validate-email"
version = "1.3"
description = "Validate_email verify if an email address is valid and really exists."
category = "main"
optional = false
python-versions = "*"

[[package]]
name = "validate-version-code"
version = "1.0.4"
description = "Python package to validate version codes."
category = "main"
optional = false
python-versions = "*"

[package.extras]
test = ["pytest", "pytest-cov", "coveralls", "validate-version-code", "codacy-coverage"]

[[package]]
name = "validators"
version = "0.20.0"
description = "Python Data Validation for Humans™."
category = "main"
optional = false
python-versions = ">=3.4"

[package.dependencies]
decorator = ">=3.4.0"

[package.extras]
test = ["pytest (>=2.2.3)", "flake8 (>=2.4.0)", "isort (>=4.2.2)"]

[[package]]
name = "wcwidth"
version = "0.2.5"
description = "Measures the displayed width of unicode strings in a terminal"
category = "main"
optional = false
python-versions = "*"

[[package]]
name = "zipp"
version = "3.8.1"
description = "Backport of pathlib-compatible object wrapper for zip files"
category = "dev"
optional = false
python-versions = ">=3.7"

[package.extras]
docs = ["sphinx", "jaraco.packaging (>=9)", "rst.linker (>=1.9)", "jaraco.tidelift (>=1.4)"]
testing = ["pytest (>=6)", "pytest-checkdocs (>=2.4)", "pytest-flake8", "pytest-cov", "pytest-enabler (>=1.3)", "jaraco.itertools", "func-timeout", "pytest-black (>=0.3.7)", "pytest-mypy (>=0.9.1)"]

[metadata]
lock-version = "1.1"
python-versions = "^3.9"
content-hash = "e8ff85e90da0848781ee40a4925224799ea72e7966d58fd907174f91ba0faf41"

[metadata.files]
alabaster = []
appnope = []
asttokens = []
babel = []
backcall = []
cache-decorator = []
certifi = []
charset-normalizer = []
colorama = []
compress-json = []
compress-pickle = []
cycler = []
ddd-subplots = []
decorator = []
deflate-dict = []
dict-hash = []
docutils = []
downloaders = []
embiggen = []
ensmallen = []
environments-utils = []
executing = []
filelock = []
fonttools = []
grape = []
huggingface-hub = []
humanize = []
idna = []
imageio = []
imagesize = []
importlib-metadata = []
ipy = []
ipython = []
jaro-winkler = []
jedi = []
jinja2 = []
joblib = []
keras-mixed-sequence = []
kiwisolver = []
markupsafe = []
matplotlib = []
matplotlib-inline = []
numpy = []
opencv-python = []
packaging = []
pandas = []
parso = []
pexpect = []
pickleshare = []
pillow = []
prompt-toolkit = []
ptyprocess = []
pure-eval = []
py-cpuinfo = []
pygifsicle = []
pygments = []
pyparsing = []
python-dateutil = []
pytz = []
pyyaml = []
regex = []
requests = []
sanitize-ml-labels = []
scikit-learn = []
scipy = []
setuptools-scm = []
six = []
sklearn = []
snowballstemmer = []
sphinx = []
sphinxcontrib-applehelp = []
sphinxcontrib-devhelp = []
sphinxcontrib-htmlhelp = []
sphinxcontrib-jsmath = []
sphinxcontrib-qthelp = []
sphinxcontrib-serializinghtml = []
stack-data = []
threadpoolctl = []
tokenizers = []
toml = []
tomli = []
tqdm = []
traitlets = []
transformers = []
typing-extensions = []
urllib3 = []
userinput = []
validate-email = []
validate-version-code = []
validators = []
wcwidth = []
zipp = []
